
Microsoft Visual Studio Solution File, Format Version 12.00
# Visual Studio 15
VisualStudioVersion = 15.0.26124.0
MinimumVisualStudioVersion = 15.0.26124.0
Project("{2150E333-8FDC-42A3-9474-1A3956D46DE8}") = "src", "src", "{9E032BC0-F232-4037-A0DA-0497507A3E65}"
EndProject
Project("{FAE04EC0-301F-11D3-BF4B-00C04F79EFBC}") = "PowerAppsWebApiUtils.Console", "src\PowerAppsWebApiUtils.Console\PowerAppsWebApiUtils.Console.csproj", "{81BF39A2-C0FB-4B76-A4CA-05E133636C9B}"
EndProject
Project("{FAE04EC0-301F-11D3-BF4B-00C04F79EFBC}") = "PowerAppsWebApiUtilsTests", "src\PowerAppsWebApiUtils.Tests\PowerAppsWebApiUtilsTests.csproj", "{64F06AE1-4117-4E93-9021-96512B018E6F}"
EndProject
Project("{FAE04EC0-301F-11D3-BF4B-00C04F79EFBC}") = "PowerAppsWebApiUtils", "src\PowerAppsWebApiUtils\PowerAppsWebApiUtils.csproj", "{9F4E9155-4A73-468D-9A70-CC4FF169B469}"
EndProject
Project("{FAE04EC0-301F-11D3-BF4B-00C04F79EFBC}") = "PowerAppsWebApiUtils.Unit.Tests", "src\PowerAppsWebApiUtils.Unit.Tests\PowerAppsWebApiUtils.Unit.Tests.csproj", "{54762BF9-5B03-4DF8-8B04-586116EE340E}"
EndProject
Global
	GlobalSection(SolutionProperties) = preSolution
		HideSolutionNode = FALSE
	EndGlobalSection
	GlobalSection(SolutionConfigurationPlatforms) = preSolution
		Debug|Any CPU = Debug|Any CPU
		Debug|x64 = Debug|x64
		Debug|x86 = Debug|x86
		Release|Any CPU = Release|Any CPU
		Release|x64 = Release|x64
		Release|x86 = Release|x86
	EndGlobalSection
	GlobalSection(ProjectConfigurationPlatforms) = postSolution
		{81BF39A2-C0FB-4B76-A4CA-05E133636C9B}.Debug|Any CPU.ActiveCfg = Debug|Any CPU
		{81BF39A2-C0FB-4B76-A4CA-05E133636C9B}.Debug|Any CPU.Build.0 = Debug|Any CPU
		{81BF39A2-C0FB-4B76-A4CA-05E133636C9B}.Debug|x64.ActiveCfg = Debug|Any CPU
		{81BF39A2-C0FB-4B76-A4CA-05E133636C9B}.Debug|x64.Build.0 = Debug|Any CPU
		{81BF39A2-C0FB-4B76-A4CA-05E133636C9B}.Debug|x86.ActiveCfg = Debug|Any CPU
		{81BF39A2-C0FB-4B76-A4CA-05E133636C9B}.Debug|x86.Build.0 = Debug|Any CPU
		{81BF39A2-C0FB-4B76-A4CA-05E133636C9B}.Release|Any CPU.ActiveCfg = Release|Any CPU
		{81BF39A2-C0FB-4B76-A4CA-05E133636C9B}.Release|Any CPU.Build.0 = Release|Any CPU
		{81BF39A2-C0FB-4B76-A4CA-05E133636C9B}.Release|x64.ActiveCfg = Release|Any CPU
		{81BF39A2-C0FB-4B76-A4CA-05E133636C9B}.Release|x64.Build.0 = Release|Any CPU
		{81BF39A2-C0FB-4B76-A4CA-05E133636C9B}.Release|x86.ActiveCfg = Release|Any CPU
		{81BF39A2-C0FB-4B76-A4CA-05E133636C9B}.Release|x86.Build.0 = Release|Any CPU
		{64F06AE1-4117-4E93-9021-96512B018E6F}.Debug|Any CPU.ActiveCfg = Debug|Any CPU
		{64F06AE1-4117-4E93-9021-96512B018E6F}.Debug|Any CPU.Build.0 = Debug|Any CPU
		{64F06AE1-4117-4E93-9021-96512B018E6F}.Debug|x64.ActiveCfg = Debug|Any CPU
		{64F06AE1-4117-4E93-9021-96512B018E6F}.Debug|x64.Build.0 = Debug|Any CPU
		{64F06AE1-4117-4E93-9021-96512B018E6F}.Debug|x86.ActiveCfg = Debug|Any CPU
		{64F06AE1-4117-4E93-9021-96512B018E6F}.Debug|x86.Build.0 = Debug|Any CPU
		{64F06AE1-4117-4E93-9021-96512B018E6F}.Release|Any CPU.ActiveCfg = Release|Any CPU
		{64F06AE1-4117-4E93-9021-96512B018E6F}.Release|Any CPU.Build.0 = Release|Any CPU
		{64F06AE1-4117-4E93-9021-96512B018E6F}.Release|x64.ActiveCfg = Release|Any CPU
		{64F06AE1-4117-4E93-9021-96512B018E6F}.Release|x64.Build.0 = Release|Any CPU
		{64F06AE1-4117-4E93-9021-96512B018E6F}.Release|x86.ActiveCfg = Release|Any CPU
		{64F06AE1-4117-4E93-9021-96512B018E6F}.Release|x86.Build.0 = Release|Any CPU
		{9F4E9155-4A73-468D-9A70-CC4FF169B469}.Debug|Any CPU.ActiveCfg = Debug|Any CPU
		{9F4E9155-4A73-468D-9A70-CC4FF169B469}.Debug|Any CPU.Build.0 = Debug|Any CPU
		{9F4E9155-4A73-468D-9A70-CC4FF169B469}.Debug|x64.ActiveCfg = Debug|Any CPU
		{9F4E9155-4A73-468D-9A70-CC4FF169B469}.Debug|x64.Build.0 = Debug|Any CPU
		{9F4E9155-4A73-468D-9A70-CC4FF169B469}.Debug|x86.ActiveCfg = Debug|Any CPU
		{9F4E9155-4A73-468D-9A70-CC4FF169B469}.Debug|x86.Build.0 = Debug|Any CPU
		{9F4E9155-4A73-468D-9A70-CC4FF169B469}.Release|Any CPU.ActiveCfg = Release|Any CPU
		{9F4E9155-4A73-468D-9A70-CC4FF169B469}.Release|Any CPU.Build.0 = Release|Any CPU
		{9F4E9155-4A73-468D-9A70-CC4FF169B469}.Release|x64.ActiveCfg = Release|Any CPU
		{9F4E9155-4A73-468D-9A70-CC4FF169B469}.Release|x64.Build.0 = Release|Any CPU
		{9F4E9155-4A73-468D-9A70-CC4FF169B469}.Release|x86.ActiveCfg = Release|Any CPU
		{9F4E9155-4A73-468D-9A70-CC4FF169B469}.Release|x86.Build.0 = Release|Any CPU
		{54762BF9-5B03-4DF8-8B04-586116EE340E}.Debug|Any CPU.ActiveCfg = Debug|Any CPU
		{54762BF9-5B03-4DF8-8B04-586116EE340E}.Debug|Any CPU.Build.0 = Debug|Any CPU
		{54762BF9-5B03-4DF8-8B04-586116EE340E}.Debug|x64.ActiveCfg = Debug|Any CPU
		{54762BF9-5B03-4DF8-8B04-586116EE340E}.Debug|x64.Build.0 = Debug|Any CPU
		{54762BF9-5B03-4DF8-8B04-586116EE340E}.Debug|x86.ActiveCfg = Debug|Any CPU
		{54762BF9-5B03-4DF8-8B04-586116EE340E}.Debug|x86.Build.0 = Debug|Any CPU
		{54762BF9-5B03-4DF8-8B04-586116EE340E}.Release|Any CPU.ActiveCfg = Release|Any CPU
		{54762BF9-5B03-4DF8-8B04-586116EE340E}.Release|Any CPU.Build.0 = Release|Any CPU
		{54762BF9-5B03-4DF8-8B04-586116EE340E}.Release|x64.ActiveCfg = Release|Any CPU
		{54762BF9-5B03-4DF8-8B04-586116EE340E}.Release|x64.Build.0 = Release|Any CPU
		{54762BF9-5B03-4DF8-8B04-586116EE340E}.Release|x86.ActiveCfg = Release|Any CPU
		{54762BF9-5B03-4DF8-8B04-586116EE340E}.Release|x86.Build.0 = Release|Any CPU
	EndGlobalSection
	GlobalSection(NestedProjects) = preSolution
		{81BF39A2-C0FB-4B76-A4CA-05E133636C9B} = {9E032BC0-F232-4037-A0DA-0497507A3E65}
		{64F06AE1-4117-4E93-9021-96512B018E6F} = {9E032BC0-F232-4037-A0DA-0497507A3E65}
		{9F4E9155-4A73-468D-9A70-CC4FF169B469} = {9E032BC0-F232-4037-A0DA-0497507A3E65}
		{54762BF9-5B03-4DF8-8B04-586116EE340E} = {9E032BC0-F232-4037-A0DA-0497507A3E65}
	EndGlobalSection
EndGlobal
